version = 1
revision = 3
requires-python = ">=3.9.18"

[[package]]
name = "believe"
version = "1.0.14"
source = { registry = "https://pypi.org/simple" }
sdist = { url = "https://files.pythonhosted.org/packages/e9/62/91a319ec8effe6568c94104540f32955246cff24dfefb3074103a27c97a0/believe-1.0.14.tar.gz", hash = "sha256:ce3efe52109e330a118f1047e17a13d0a34061538a9c096a725087c5124a5efc", size = 13305, upload-time = "2024-04-08T07:29:05.565Z" }
wheels = [
    { url = "https://files.pythonhosted.org/packages/29/4b/00761ac39a991de16505db9f3962174926a44ecb66d479cbd7af8a8541a6/believe-1.0.14-py3-none-any.whl", hash = "sha256:60e8a13f3b0303c501d8f1f787fdb976e88db27c116c8ee614f05e526823f061", size = 9663, upload-time = "2024-04-08T07:29:03.562Z" },
]

[[package]]
name = "believe-sql"
version = "0.0.0"
source = { virtual = "." }
dependencies = [
    { name = "believe" },
]

[package.metadata]
requires-dist = [{ name = "believe" }]
